
Microsoft Visual Studio Solution File, Format Version 12.00
# Visual Studio Version 17
VisualStudioVersion = 17.6.33829.357
MinimumVisualStudioVersion = 10.0.40219.1
Project("{9A19103F-16F7-4668-BE54-9A1E7A4F7556}") = "Fundoo_Practice", "Fundoo_Practice.csproj", "{A6D060E4-4CCB-4B5D-9CA7-0755002B4A76}"
EndProject
Project("{FAE04EC0-301F-11D3-BF4B-00C04F79EFBC}") = "BusinessLayer", "..\BusinessLayer\BusinessLayer.csproj", "{A1B1F4DD-BA23-49EA-AE83-032C8575ADA7}"
EndProject
Project("{FAE04EC0-301F-11D3-BF4B-00C04F79EFBC}") = "CommonLayer", "..\CommonLayer\CommonLayer.csproj", "{F12DCB57-D809-4BF9-8DC3-9B9444DC0F8D}"
EndProject
Project("{FAE04EC0-301F-11D3-BF4B-00C04F79EFBC}") = "RepoLayer", "..\RepoLayer\RepoLayer.csproj", "{A8249B41-13D6-4BF9-87D8-258B90808442}"
EndProject
Global
	GlobalSection(SolutionConfigurationPlatforms) = preSolution
		Debug|Any CPU = Debug|Any CPU
		Release|Any CPU = Release|Any CPU
	EndGlobalSection
	GlobalSection(ProjectConfigurationPlatforms) = postSolution
		{A6D060E4-4CCB-4B5D-9CA7-0755002B4A76}.Debug|Any CPU.ActiveCfg = Debug|Any CPU
		{A6D060E4-4CCB-4B5D-9CA7-0755002B4A76}.Debug|Any CPU.Build.0 = Debug|Any CPU
		{A6D060E4-4CCB-4B5D-9CA7-0755002B4A76}.Release|Any CPU.ActiveCfg = Release|Any CPU
		{A6D060E4-4CCB-4B5D-9CA7-0755002B4A76}.Release|Any CPU.Build.0 = Release|Any CPU
		{A1B1F4DD-BA23-49EA-AE83-032C8575ADA7}.Debug|Any CPU.ActiveCfg = Debug|Any CPU
		{A1B1F4DD-BA23-49EA-AE83-032C8575ADA7}.Debug|Any CPU.Build.0 = Debug|Any CPU
		{A1B1F4DD-BA23-49EA-AE83-032C8575ADA7}.Release|Any CPU.ActiveCfg = Release|Any CPU
		{A1B1F4DD-BA23-49EA-AE83-032C8575ADA7}.Release|Any CPU.Build.0 = Release|Any CPU
		{F12DCB57-D809-4BF9-8DC3-9B9444DC0F8D}.Debug|Any CPU.ActiveCfg = Debug|Any CPU
		{F12DCB57-D809-4BF9-8DC3-9B9444DC0F8D}.Debug|Any CPU.Build.0 = Debug|Any CPU
		{F12DCB57-D809-4BF9-8DC3-9B9444DC0F8D}.Release|Any CPU.ActiveCfg = Release|Any CPU
		{F12DCB57-D809-4BF9-8DC3-9B9444DC0F8D}.Release|Any CPU.Build.0 = Release|Any CPU
		{A8249B41-13D6-4BF9-87D8-258B90808442}.Debug|Any CPU.ActiveCfg = Debug|Any CPU
		{A8249B41-13D6-4BF9-87D8-258B90808442}.Debug|Any CPU.Build.0 = Debug|Any CPU
		{A8249B41-13D6-4BF9-87D8-258B90808442}.Release|Any CPU.ActiveCfg = Release|Any CPU
		{A8249B41-13D6-4BF9-87D8-258B90808442}.Release|Any CPU.Build.0 = Release|Any CPU
	EndGlobalSection
	GlobalSection(SolutionProperties) = preSolution
		HideSolutionNode = FALSE
	EndGlobalSection
	GlobalSection(ExtensibilityGlobals) = postSolution
		SolutionGuid = {50C41EBD-7390-4E5A-BA4F-54CB4FB58588}
	EndGlobalSection
EndGlobal
